
Microsoft Visual Studio Solution File, Format Version 12.00
# Visual Studio Version 17
VisualStudioVersion = 17.2.32616.157
MinimumVisualStudioVersion = 10.0.40219.1
Project("{9A19103F-16F7-4668-BE54-9A1E7A4F7556}") = "TDAuditor", "TDAuditor.csproj", "{900D8094-BEE4-41FD-836E-225F3EA2467A}"
EndProject
Global
	GlobalSection(SolutionConfigurationPlatforms) = preSolution
		Debug|Any CPU = Debug|Any CPU
		Release|Any CPU = Release|Any CPU
	EndGlobalSection
	GlobalSection(ProjectConfigurationPlatforms) = postSolution
		{900D8094-BEE4-41FD-836E-225F3EA2467A}.Debug|Any CPU.ActiveCfg = Debug|Any CPU
		{900D8094-BEE4-41FD-836E-225F3EA2467A}.Debug|Any CPU.Build.0 = Debug|Any CPU
		{900D8094-BEE4-41FD-836E-225F3EA2467A}.Release|Any CPU.ActiveCfg = Release|Any CPU
		{900D8094-BEE4-41FD-836E-225F3EA2467A}.Release|Any CPU.Build.0 = Release|Any CPU
	EndGlobalSection
	GlobalSection(SolutionProperties) = preSolution
		HideSolutionNode = FALSE
	EndGlobalSection
	GlobalSection(ExtensibilityGlobals) = postSolution
		SolutionGuid = {C8541CD8-19DA-4DC0-8B22-772C732457DB}
	EndGlobalSection
EndGlobal
